PODS:
  - MDFTextAccessibility (2.0.0)

DEPENDENCIES:
  - MDFTextAccessibility (from `../../..`)

EXTERNAL SOURCES:
  MDFTextAccessibility:
    :path: "../../.."

SPEC CHECKSUMS:
  MDFTextAccessibility: 236f1f468169ec5299178505e35bb01948fa0c79

PODFILE CHECKSUM: ba1d198039c6b887cc904c2b80f4ae8bc213c6fd

COCOAPODS: 1.8.4
